# THIS IS AN AUTOGENERATED FILE. DO NOT EDIT THIS FILE DIRECTLY.
assets/ajax-loader.gif:
  development: 2017-08-11T14:00:37+02:00   9853d55f0756b1b34ef81072cc888a3c
assets/checkout-trust-logos.jpg:
  development: 2017-11-10T13:07:22+01:00   a305f1b3e32dcafa8f3ec947ba9c2ec4
assets/consistent_cart_addon.min.js:
  development: 2017-10-09T18:46:28+02:00   d42dc7328141c7952f5d3e3af5c4ff5d
assets/currency-flags-small.png:
  development: 2017-08-11T14:00:38+02:00   c7b1e47ac28d6b5291fbbc2f7da3ac78
assets/currency-flags.png:
  development: 2017-08-11T14:00:44+02:00   66317e54a667b463f33f9a981ed78ee1
assets/custom-styles.css:
  development: 2017-11-10T13:24:10+01:00   12af0112ceb4ce3b647a69c9af22582a
assets/doubly.js:
  development: 2017-11-06T10:11:43+01:00
assets/gift-card.js:
  development: 2017-02-07T05:33:57+01:00   d98dc5c9afcd8397babfd08c06e9899a
assets/gift-card.scss.liquid:
  development: 2017-02-07T05:33:57+01:00   d60e2b6232148729e3840fb91b1464fc
assets/ginit.js:
  development: 2017-08-04T09:28:34+02:00   e5d66bf2695e62d32acbe019920bc4a7
assets/ico-select.svg.liquid:
  development: 2017-02-07T05:33:57+01:00   28de0c672609528b7c55f6f47810784b
assets/loader.js:
  development: 2017-08-05T12:52:08+02:00   0000386354c0d6867d3723f007309321
assets/match-media.min.js:
  development: 2017-02-07T05:33:57+01:00   d0bf06c458a236dcca39b3be8cf80ec5
assets/password.js:
  development: 2017-02-07T05:33:57+01:00   c6b4c16234704306bbb6129d04d7e78e
assets/special-offers.js:
  development: 2017-11-01T11:35:32+01:00   605312e0453a8e124ecd3f894e028b01
assets/special-offers.scss.liquid:
  development: 2017-10-25T09:39:29+02:00   46026216d4789bf79811b198e2e75d1d
assets/theme.js:
  development: 2017-08-16T10:51:37+02:00   e582e8d26cb1f09f38c9e954bfd11120
assets/theme.scss.liquid:
  development: 2017-11-04T08:39:20+01:00   0bbdf67da8eb837ea275d6f2b5355f0c
assets/trust.png:
  development: 2017-11-10T13:08:11+01:00   614695a8d593cf19163fc14121c50690
assets/trust2.png:
  development: 2017-11-10T15:07:19+01:00   87d039b8e2533905dd95397ead08d313
assets/vendor.js:
  development: 2017-02-07T05:33:58+01:00   cb7c4217c9b6feb844647b361accfe6c
assets/vncv.js:
  development: 2017-08-10T14:53:06+02:00   c6dbe331bd6db8fb701aef4d224d097c
assets/zendesk-embeddable.js:
  development: 2017-10-19T14:00:25+02:00   0162707025cdbccac428100fb255480c
config/settings_data.json:
  development: 2017-11-18T04:34:46+01:00   4cf41019a6919e23e12a626a6df60d9d
config/settings_schema.json:
  development: 2017-10-24T16:34:14+02:00   28476abe89d2f192867201ed962f1451
layout/gift_card.liquid:
  development: 2017-11-01T10:01:38+01:00   d0cec4ee5e75d93befe01a0c40544ba9
layout/password.liquid:
  development: 2017-11-01T10:01:38+01:00   e32f81a23fdbad6f0fcf8eb8bf7e67ec
layout/theme-backup-special.liquid:
  development: 2017-11-01T10:01:39+01:00   759297e6ca178bc4f0d7bd79f463b9c1
layout/theme-without-spurit_uev.liquid:
  development: 2017-11-01T10:01:39+01:00   7bd1e53efd116144678473bd1c8cad32
layout/theme.liquid:
  development: 2017-11-17T01:52:08+01:00   1b867122c058a4466f924c275efca9d1
locales/de.json:
  development: 2017-07-08T18:15:14+02:00   d5c7aa39a2dab07c81427edd2f363e34
locales/en.default.json:
  development: 2017-07-08T18:15:14+02:00   42e33e576490492cade693d26df7e51c
locales/es.json:
  development: 2017-07-08T18:15:14+02:00   ad6f733312e5ba28d2d68f9d5e759721
locales/fr.json:
  development: 2017-07-08T18:15:15+02:00   19a500b389495d01c2b78ff33fec2e65
locales/pt-BR.json:
  development: 2017-07-08T18:15:15+02:00   7a76e3796cdcb911d79ed9bc51795b2c
locales/pt-PT.json:
  development: 2017-07-08T18:15:16+02:00   341c8d3c144b1b4ece230d36860e97af
sections/article-template.liquid:
  development: 2017-02-07T05:33:55+01:00   6850937aeb295fae74ca4dec2a6922bb
sections/blog-template.liquid:
  development: 2017-02-07T05:33:55+01:00   b64357cd1a4c6fb63d4379f8729f0619
sections/cart-template-backup-special.liquid:
  development: 2017-08-01T14:27:45+02:00   22da7d418cdfef3ce23e0c41ebe6d46a
sections/cart-template.liquid:
  development: 2017-11-17T18:17:04+01:00   37abe76181bc70dc6c06cefeb9b3ec4a
sections/collection-list.liquid:
  development: 2017-02-07T05:33:55+01:00   956c950aae15b1114a6276121a0d8796
sections/collection-template-baking-cooking.liquid:
  development: 2017-11-17T01:15:25+01:00   e973cc3f11c3a81ee453673ecb2caa6c
sections/collection-template.liquid:
  development: 2017-10-24T13:51:51+02:00   9ba598092f365a8b00e7f3ad10b8761e
sections/collection.liquid:
  development: 2017-02-07T05:33:55+01:00   c7cf98052ce05da15f387f5271170df3
sections/custom-content.liquid:
  development: 2017-02-07T05:33:55+01:00   83425d99fc1551185d1eda398b638311
sections/feature-columns.liquid:
  development: 2017-02-07T05:33:55+01:00   2b46044e7a865d821d600bd48d415dce
sections/feature-row.liquid:
  development: 2017-02-07T05:33:55+01:00   99d80c1924bc021b58ce81ca614baae2
sections/featured-blog.liquid:
  development: 2017-02-15T10:32:00+01:00   bc2196e92b31118bc152382e742c9dbe
sections/featured-product.liquid:
  development: 2017-02-15T10:32:00+01:00   6a5646a24021faad8d418920a4998bf8
sections/footer.liquid:
  development: 2017-10-23T20:26:07+02:00   1be5355bd8cbba001b8f80fc8bf89f5f
sections/header.liquid:
  development: 2017-10-23T18:22:44+02:00   ceac7e67185e489e928fd3a2ae903b4c
sections/hero.liquid:
  development: 2017-02-07T05:33:56+01:00   c18a0e22236ef42ca1d735d0eb447dfc
sections/image-bar.liquid:
  development: 2017-02-07T05:33:56+01:00   c6f61e2d8018347d3cc4b1fd9212679b
sections/logo-bar.liquid:
  development: 2017-02-07T05:33:56+01:00   b6fb01857f91db6b631a74545eb00265
sections/map.liquid:
  development: 2017-02-07T05:33:56+01:00   d772380acf9b9e69206c8413916bf75e
sections/newsletter.liquid:
  development: 2017-02-15T10:32:01+01:00   294be28a73018cc83b3f25c9247ba576
sections/password-content.liquid:
  development: 2017-02-15T10:32:01+01:00   a66b3559e2fbfefb0a76efc856d6fb60
sections/password-footer.liquid:
  development: 2017-02-07T05:33:56+01:00   c4c58f0396f2e2396ec59a470f54aef0
sections/password-header.liquid:
  development: 2017-02-07T05:33:56+01:00   ef68b202c3a6c8049b5d5ae9daae30a5
sections/product-template.liquid:
  development: 2017-11-18T03:25:57+01:00   acf1e2b9e3c299605b3e8c5f79c4290b
sections/quotes.liquid:
  development: 2017-02-07T05:33:56+01:00   b234ffff9a061befe87a0d69a121af1c
sections/slideshow.liquid:
  development: 2017-02-07T05:33:56+01:00   7689ab05e305fbecf26c7601f8e7113e
snippets/LittledataLayer.liquid:
  development: 2017-07-19T10:15:02+02:00   4ad27ebf8b44d92af36a5b21b6cc0e27
snippets/SEOMetaManager-404.liquid:
  development: 2017-08-14T13:48:13+02:00   e01cf23a065e858fb0f7aa16a9b08ccf
snippets/SEOMetaManager.liquid:
  development: 2017-08-14T13:48:12+02:00   20984f966842454fc4707406efeab79b
snippets/ajaxify-cart-so.liquid:
  development: 2017-08-01T14:27:32+02:00   8b4c7e60f944e03c98c66b707b6e6496
snippets/collection-grid-item.liquid:
  development: 2017-02-15T10:32:00+01:00   dad48ecfc24fb293d6d0161cfff499b0
snippets/comment.liquid:
  development: 2017-02-07T05:33:58+01:00   50406c82467014e1bbe15a62685b2536
snippets/conversiofeedback.liquid:
  development: 2017-05-28T16:25:14+02:00   dcc92905bce0baa0c1525bb350f5d325
snippets/conversioproductreview.liquid:
  development: 2017-05-28T16:25:14+02:00   fe318ef1f4afdd1a1d8c496c45146cb5
snippets/conversiorecommendations.liquid:
  development: 2017-05-28T16:25:14+02:00   9e53c7022d5f76d19da5b76dfd5c92fd
snippets/conversiosearch.liquid:
  development: 2017-05-28T16:25:14+02:00   3aa6e997474d041e91f72c801b00f05f
snippets/conversiowidget.liquid:
  development: 2017-05-28T16:25:14+02:00   7cd2dccae751b4a63e7a5cbd8a88903a
snippets/cross-sell.liquid:
  development: 2017-05-23T07:07:43+02:00   7d84697900daa2d00f251644484f8592
snippets/google-fonts.liquid:
  development: 2017-02-07T05:33:58+01:00   377ddc183ac7882100f47299bb8e0467
snippets/guarantee-badge.liquid:
  development: 2017-08-28T16:55:56+02:00   b35f713fe69ceab93f4db91837b82821
snippets/icon-amazon_payments.liquid:
  development: 2017-02-07T05:33:58+01:00   ec8359cdda389706cc36ae917892d93f
snippets/icon-american_express.liquid:
  development: 2017-02-07T05:33:58+01:00   9da829decce6867b8de60a183c94d099
snippets/icon-apple_pay.liquid:
  development: 2017-02-07T05:33:58+01:00   e82e7acc46479ea2173926f8fad55db0
snippets/icon-arrow-left.liquid:
  development: 2017-02-07T05:33:58+01:00   5abf8c4c69967103f685014dcc88a6e7
snippets/icon-arrow-right.liquid:
  development: 2017-02-07T05:33:58+01:00   45f24673c43655e9275d1ba99d814374
snippets/icon-bitcoin.liquid:
  development: 2017-02-07T05:33:58+01:00   d8cb31e0401818c1cb852348b6f27420
snippets/icon-cart.liquid:
  development: 2017-02-07T05:33:58+01:00   c9de61c7db365e0090f7ca5423b633e6
snippets/icon-chevron-down.liquid:
  development: 2017-02-07T05:33:58+01:00   7d3a8cd08370aa9d2a88ae542446a181
snippets/icon-chevron-left.liquid:
  development: 2017-02-07T05:33:58+01:00   6290d56c32e8ac47abe4a4f4d90ed032
snippets/icon-chevron-right.liquid:
  development: 2017-02-07T05:33:58+01:00   41842e53e7b826a0d260e2ccffbfdab1
snippets/icon-chevron-up.liquid:
  development: 2017-02-07T05:33:58+01:00   4df1e02c8789418fc53d48e2913daf49
snippets/icon-cirrus.liquid:
  development: 2017-02-07T05:33:58+01:00   fcbd6ce7e38d7946c921c8ed6ad5ca71
snippets/icon-close.liquid:
  development: 2017-02-07T05:33:58+01:00   a04fce17a63e760b9bce76768ee29feb
snippets/icon-dankort.liquid:
  development: 2017-02-07T05:33:58+01:00   796e1e822b3e46784d303b48c9db5b29
snippets/icon-diners_club.liquid:
  development: 2017-02-07T05:33:58+01:00   cf70ea54486bb14c286264f90dab9ff8
snippets/icon-discover.liquid:
  development: 2017-02-07T05:33:58+01:00   b43221b39bc3df37f7e6c7810d3e54d8
snippets/icon-dogecoin.liquid:
  development: 2017-02-07T05:33:58+01:00   6a35f5db9eb93d1ed563c6989ff30798
snippets/icon-dwolla.liquid:
  development: 2017-02-07T05:33:58+01:00   aeb86f67aad84adaf7635d2043cb89a9
snippets/icon-facebook.liquid:
  development: 2017-02-07T05:33:58+01:00   334588042b292f2d7335fd2791c35eca
snippets/icon-forbrugsforeningen.liquid:
  development: 2017-02-07T05:33:58+01:00   ff962a94f23046340766c215b0f14a52
snippets/icon-hamburger.liquid:
  development: 2017-02-07T05:33:58+01:00   559577e06ff14924311cfe2642e8b765
snippets/icon-instagram.liquid:
  development: 2017-02-07T05:33:58+01:00   bf50214819f6e2a5f053593e2414526d
snippets/icon-interac.liquid:
  development: 2017-02-07T05:33:58+01:00   24c4d22a98c0574c32fc02fe39e34b80
snippets/icon-jcb.liquid:
  development: 2017-02-07T05:33:58+01:00   275259ce80a1b368d0e5afcf7d6bb6f3
snippets/icon-laser.liquid:
  development: 2017-02-07T05:33:58+01:00   bd1a0ecfe958b6a6e84bf80e0669a6da
snippets/icon-litecoin.liquid:
  development: 2017-02-07T05:33:58+01:00   051dfcb36fa17b532a087b12f0a49e0e
snippets/icon-lock.liquid:
  development: 2017-02-07T05:33:58+01:00   60ae7ba03d14efa582faed8855821a58
snippets/icon-login.liquid:
  development: 2017-02-07T05:33:58+01:00   9a74bdaac402576390ca1dbdc9e7869c
snippets/icon-maestro.liquid:
  development: 2017-02-07T05:33:58+01:00   b987e558ecad607661489939ec8ca524
snippets/icon-master.liquid:
  development: 2017-02-07T05:33:58+01:00   7be93970b63c2fd0e2b319a35c00a9d7
snippets/icon-minus.liquid:
  development: 2017-02-07T05:33:58+01:00   78c513424d498299e865f8a242823ad0
snippets/icon-pause.liquid:
  development: 2017-02-07T05:33:58+01:00   99e785a63af3ab0a7ccd9c5551ea8910
snippets/icon-paypal.liquid:
  development: 2017-02-07T05:33:58+01:00   1b0d7db160b229b8519cccf2514ee676
snippets/icon-pinterest.liquid:
  development: 2017-02-07T05:33:58+01:00   701f2a785b3fa83d63e3ab54af060031
snippets/icon-play-video.liquid:
  development: 2017-02-07T05:33:58+01:00   f0b736a271f33b83b319b2d04e61aa2b
snippets/icon-play.liquid:
  development: 2017-02-07T05:33:58+01:00   31ff2901a9fd0f32ebc4c05748e7aa5d
snippets/icon-plus.liquid:
  development: 2017-02-07T05:33:58+01:00   ba5297f64eb7ea97f1785e8166e11231
snippets/icon-quote.liquid:
  development: 2017-02-07T05:33:58+01:00   e710949f7a142dfc3c4fac15c33bb2fa
snippets/icon-rss.liquid:
  development: 2017-02-07T05:33:58+01:00   6493d6bcb850513a55823d4ff62b0f8b
snippets/icon-search.liquid:
  development: 2017-10-23T16:56:57+02:00   2c537e5a1003e7c8a48b188d83732c65
snippets/icon-shopify-logo.liquid:
  development: 2017-02-07T05:33:58+01:00   3f0b70f9e01be5b25507d25a732ecde7
snippets/icon-snapchat.liquid:
  development: 2017-02-07T05:33:58+01:00   9ed6937e3232c9034976be2b8ed9f673
snippets/icon-stripe.liquid:
  development: 2017-02-07T05:33:58+01:00   208713954dff9de98f800df59763615d
snippets/icon-tumblr.liquid:
  development: 2017-02-07T05:33:58+01:00   d71a4ada77a8a9b6bd792bdafef393de
snippets/icon-twitter.liquid:
  development: 2017-02-07T05:33:58+01:00   24047c22697a23a0baabf2804adc6c11
snippets/icon-vimeo.liquid:
  development: 2017-02-07T05:33:58+01:00   a229ed8a1a81e6ef95ad621f8a34efb6
snippets/icon-visa.liquid:
  development: 2017-02-07T05:33:58+01:00   9098533cd59e385d2672f6d8b7fa4b04
snippets/icon-youtube.liquid:
  development: 2017-02-07T05:33:58+01:00   9d72c5bc3eaa14a3e7aefd921881b1ae
snippets/mlveda-currencies-switcher.liquid:
  development: 2017-06-04T19:09:18+02:00   b5825e22632c894cc744753665a685c3
snippets/mlveda-currencies.liquid:
  development: 2017-06-04T19:09:16+02:00   04530eed667fa9284c514d83b22d18b7
snippets/no-blocks.liquid:
  development: 2017-02-07T05:33:58+01:00   0cb7d758b6df0feb07ae5804b4b627fa
snippets/pagination.liquid:
  development: 2017-02-07T05:33:58+01:00   21eb22fbf93da5d96f2d111ce4784463
snippets/product-card-grid.liquid:
  development: 2017-07-03T22:30:47+02:00   732100b10b4625e23ed0de2342164dd4
snippets/product-card-list.liquid:
  development: 2017-07-03T22:31:00+02:00   898b8a77dfc3cc9d7ea5a1a95e3b2cb0
snippets/product-price.liquid:
  development: 2017-02-07T05:33:58+01:00   6f6d1b55d488d08b5af74f762fa0a528
snippets/questions-answers.liquid:
  development: 2017-08-16T16:34:59+02:00   519bc2a5eb096873082afbf047e7aa93
snippets/search-autocomplete.liquid:
  development: 2017-05-18T15:50:16+02:00   d1c5eff204381e4a6644c57c689e935d
snippets/search-form.liquid:
  development: 2017-10-23T16:34:20+02:00   74f654030f5efad78aa82feb6ff03e7f
snippets/site-nav.liquid:
  development: 2017-02-07T05:33:58+01:00   78905a9984ade60a4f967fae753917a4
snippets/social-meta-tags.liquid:
  development: 2017-02-15T10:32:00+01:00   af4fb21aab8094078da2ff27c8766ad5
snippets/social-sharing.liquid:
  development: 2017-02-07T05:33:58+01:00   df66127392b32e401ac2dd2963c78047
snippets/special-offers-templates.liquid:
  development: 2017-10-25T09:39:29+02:00   622c6a6163dc1a14057673c0aa864f9e
snippets/special-offers.liquid:
  development: 2017-09-14T07:18:12+02:00   37d58aa4db8ff8097d747ea56d2f0372
snippets/trackify.liquid:
  development: 2017-11-17T01:52:08+01:00   bc90c4215e16fd4b74e62dbf6c6a10e7
snippets/trusted-badge.liquid:
  development: 2017-06-11T18:59:45+02:00   59ae620ed83b74c968ededd62c7f49a3
snippets/vncpc.liquid:
  development: 2017-08-01T16:25:50+02:00   3c03dee25447095304f1d419aefbabaf
templates/404.liquid:
  development: 2017-10-15T10:29:41+02:00   f2acdab2c81cb13d5621da4230e4ce1d
templates/404.preSEOMetaManager.liquid:
  development: 2017-10-15T10:29:42+02:00   b6396a888c75f212ca89e79f9a06a830
templates/article.liquid:
  development: 2017-10-15T10:29:42+02:00   3007bf754524bfd3ecab361ce0fb91cf
templates/blog.liquid:
  development: 2017-10-15T10:29:42+02:00   c6eb3ed83d6016a405b37c01404187b8
templates/cart.liquid:
  development: 2017-11-06T10:43:05+01:00   8a0aa5f6961744e5bf4ca6ac34ebb4eb
templates/cart.tsbkp.liquid:
  development: 2017-10-15T10:29:42+02:00   3c7bb43cf620fd79c7c881acf59170d8
templates/collection.liquid:
  development: 2017-11-17T01:51:56+01:00   989e9b8375561db73533ec34c021f669
templates/customers/account.liquid:
  development: 2017-02-07T05:33:59+01:00   2150e58e96e6435f4449d4a71b395aa6
templates/customers/activate_account.liquid:
  development: 2017-02-07T05:33:59+01:00   857243216dbada72fb0fc9bc256da757
templates/customers/addresses.liquid:
  development: 2017-02-07T05:33:59+01:00   f430f4d7180c00a1e2c058124c26c0e9
templates/customers/login.liquid:
  development: 2017-08-09T15:31:40+02:00   623dd2210eb9f096d39113ff4d28bc4d
templates/customers/order.liquid:
  development: 2017-02-07T05:33:59+01:00   1293617a6f9aa8d346bce03b68d79921
templates/customers/register.liquid:
  development: 2017-02-07T05:33:59+01:00   fcf72eba28fe5737b6be507228b2f5fc
templates/customers/reset_password.liquid:
  development: 2017-02-07T05:33:59+01:00   e80703307e36b8b5dd428463bace82cc
templates/gift_card.liquid:
  development: 2017-02-07T05:33:59+01:00   16c95e9922ddd30e37f0cf018e86597c
templates/index.liquid:
  development: 2017-10-09T10:58:17+02:00   56b51b6f96394db4b17c64b43e1c0010
templates/list-collections.liquid:
  development: 2017-02-07T05:33:59+01:00   15196b39880ae82958038821e31de5c9
templates/page.contact.liquid:
  development: 2017-02-07T05:33:59+01:00   854f7fd02acf64bc9ce31bfd6994f791
templates/page.liquid:
  development: 2017-02-07T05:33:59+01:00   26f97d3355078de5c6678ed3b34ad7f6
templates/page.pp-rss.liquid:
  development: 2017-11-16T01:40:56+01:00   06ba1f27c528d8de2fe1c7f44f396f16
templates/password.liquid:
  development: 2017-02-07T05:33:59+01:00   30d1743d26765ce8c3fa53a3fdf9524f
templates/product.liquid:
  development: 2017-11-11T06:28:55+01:00   052e5752201a8bdb840eeb0cc88650ba
templates/search.SEOMetaManagerTags.liquid:
  development: 2017-08-14T13:48:12+02:00   50492ed9246da25cb26e58acf47fa9a3
templates/search.cross-sell-all.liquid:
  development: 2017-11-10T08:44:25+01:00   5da66903cf1cffd12569ee786fa9328a
templates/search.cross-sell-filters.liquid:
  development: 2017-11-10T08:44:25+01:00   ca0a34f7863ae59d9e972a3c60801749
templates/search.cross-sell.liquid:
  development: 2017-05-23T07:07:42+02:00   671378e1c72b132629bdcc8993f8c3b5
templates/search.json.liquid:
  development: 2017-05-18T15:49:30+02:00   a823d19ffd4995cb7b0806ca7c951872
templates/search.liquid:
  development: 2017-10-15T10:29:44+02:00   a463d0cacd984d5018ddc4c1d86d7588
